// !$*UTF8*$!
{
	archiveVersion = 1;
	classes = {
	};
	objectVersion = 50;
	objects = {

/* Begin PBXBuildFile section */
		6458AF1F25A445120063BFE0 /* SwiftUIProApp.swift in Sources */ = {isa = PBXBuildFile; fileRef = 6458AF1E25A445120063BFE0 /* SwiftUIProApp.swift */; };
		6458AF2125A445120063BFE0 /* ContentView.swift in Sources */ = {isa = PBXBuildFile; fileRef = 6458AF2025A445120063BFE0 /* ContentView.swift */; };
		6458AF2325A445140063BFE0 /* Assets.xcassets in Resources */ = {isa = PBXBuildFile; fileRef = 6458AF2225A445140063BFE0 /* Assets.xcassets */; };
		6458AF2625A445140063BFE0 /* Preview Assets.xcassets in Resources */ = {isa = PBXBuildFile; fileRef = 6458AF2525A445140063BFE0 /* Preview Assets.xcassets */; };
		64F0C3BB25A44BEA008BE9EA /* Color+Codable.swift in Sources */ = {isa = PBXBuildFile; fileRef = 64F0C3BA25A44BEA008BE9EA /* Color+Codable.swift */; };
		64F0C3BF25A44FF6008BE9EA /* DailyScrum.swift in Sources */ = {isa = PBXBuildFile; fileRef = 64F0C3BE25A44FF6008BE9EA /* DailyScrum.swift */; };
		64F0C3C225A4505F008BE9EA /* History.swift in Sources */ = {isa = PBXBuildFile; fileRef = 64F0C3C125A4505F008BE9EA /* History.swift */; };
		64F0C3C525A4530D008BE9EA /* ScrumTimer.swift in Sources */ = {isa = PBXBuildFile; fileRef = 64F0C3C425A4530D008BE9EA /* ScrumTimer.swift */; };
		64F0C3C825A45803008BE9EA /* AVPlayer+Ding.swift in Sources */ = {isa = PBXBuildFile; fileRef = 64F0C3C725A45803008BE9EA /* AVPlayer+Ding.swift */; };
		64F0C3CB25A45A37008BE9EA /* ScrumData.swift in Sources */ = {isa = PBXBuildFile; fileRef = 64F0C3CA25A45A37008BE9EA /* ScrumData.swift */; };
		64F0C3CE25A45D5D008BE9EA /* SpeechRecognizer.swift in Sources */ = {isa = PBXBuildFile; fileRef = 64F0C3CD25A45D5D008BE9EA /* SpeechRecognizer.swift */; };
		64F0C3D125A46077008BE9EA /* MeetingView.swift in Sources */ = {isa = PBXBuildFile; fileRef = 64F0C3D025A46077008BE9EA /* MeetingView.swift */; };
		64F0C3D425A4683D008BE9EA /* CardView.swift in Sources */ = {isa = PBXBuildFile; fileRef = 64F0C3D325A4683D008BE9EA /* CardView.swift */; };
		64F0C3D725A46F91008BE9EA /* ScrumsView.swift in Sources */ = {isa = PBXBuildFile; fileRef = 64F0C3D625A46F91008BE9EA /* ScrumsView.swift */; };
		64F0C3DA25A47428008BE9EA /* DetailView.swift in Sources */ = {isa = PBXBuildFile; fileRef = 64F0C3D925A47428008BE9EA /* DetailView.swift */; };
/* End PBXBuildFile section */

/* Begin PBXFileReference section */
		6458AF1B25A445120063BFE0 /* SwiftUIPro.app */ = {isa = PBXFileReference; explicitFileType = wrapper.application; includeInIndex = 0; path = SwiftUIPro.app; sourceTree = BUILT_PRODUCTS_DIR; };
		6458AF1E25A445120063BFE0 /* SwiftUIProApp.swift */ = {isa = PBXFileReference; lastKnownFileType = sourcecode.swift; path = SwiftUIProApp.swift; sourceTree = "<group>"; };
		6458AF2025A445120063BFE0 /* ContentView.swift */ = {isa = PBXFileReference; lastKnownFileType = sourcecode.swift; path = ContentView.swift; sourceTree = "<group>"; };
		6458AF2225A445140063BFE0 /* Assets.xcassets */ = {isa = PBXFileReference; lastKnownFileType = folder.assetcatalog; path = Assets.xcassets; sourceTree = "<group>"; };
		6458AF2525A445140063BFE0 /* Preview Assets.xcassets */ = {isa = PBXFileReference; lastKnownFileType = folder.assetcatalog; path = "Preview Assets.xcassets"; sourceTree = "<group>"; };
		6458AF2725A445140063BFE0 /* Info.plist */ = {isa = PBXFileReference; lastKnownFileType = text.plist.xml; path = Info.plist; sourceTree = "<group>"; };
		64F0C3BA25A44BEA008BE9EA /* Color+Codable.swift */ = {isa = PBXFileReference; lastKnownFileType = sourcecode.swift; path = "Color+Codable.swift"; sourceTree = "<group>"; };
		64F0C3BE25A44FF6008BE9EA /* DailyScrum.swift */ = {isa = PBXFileReference; lastKnownFileType = sourcecode.swift; path = DailyScrum.swift; sourceTree = "<group>"; };
		64F0C3C125A4505F008BE9EA /* History.swift */ = {isa = PBXFileReference; lastKnownFileType = sourcecode.swift; path = History.swift; sourceTree = "<group>"; };
		64F0C3C425A4530D008BE9EA /* ScrumTimer.swift */ = {isa = PBXFileReference; lastKnownFileType = sourcecode.swift; path = ScrumTimer.swift; sourceTree = "<group>"; };
		64F0C3C725A45803008BE9EA /* AVPlayer+Ding.swift */ = {isa = PBXFileReference; lastKnownFileType = sourcecode.swift; path = "AVPlayer+Ding.swift"; sourceTree = "<group>"; };
		64F0C3CA25A45A37008BE9EA /* ScrumData.swift */ = {isa = PBXFileReference; lastKnownFileType = sourcecode.swift; path = ScrumData.swift; sourceTree = "<group>"; };
		64F0C3CD25A45D5D008BE9EA /* SpeechRecognizer.swift */ = {isa = PBXFileReference; lastKnownFileType = sourcecode.swift; path = SpeechRecognizer.swift; sourceTree = "<group>"; };
		64F0C3D025A46077008BE9EA /* MeetingView.swift */ = {isa = PBXFileReference; lastKnownFileType = sourcecode.swift; path = MeetingView.swift; sourceTree = "<group>"; };
		64F0C3D325A4683D008BE9EA /* CardView.swift */ = {isa = PBXFileReference; lastKnownFileType = sourcecode.swift; path = CardView.swift; sourceTree = "<group>"; };
		64F0C3D625A46F91008BE9EA /* ScrumsView.swift */ = {isa = PBXFileReference; lastKnownFileType = sourcecode.swift; path = ScrumsView.swift; sourceTree = "<group>"; };
		64F0C3D925A47428008BE9EA /* DetailView.swift */ = {isa = PBXFileReference; lastKnownFileType = sourcecode.swift; path = DetailView.swift; sourceTree = "<group>"; };
/* End PBXFileReference section */

/* Begin PBXFrameworksBuildPhase section */
		6458AF1825A445120063BFE0 /* Frameworks */ = {
			isa = PBXFrameworksBuildPhase;
			buildActionMask = 2147483647;
			files = (
			);
			runOnlyForDeploymentPostprocessing = 0;
		};
/* End PBXFrameworksBuildPhase section */

/* Begin PBXGroup section */
		6458AF1225A445120063BFE0 = {
			isa = PBXGroup;
			children = (
				6458AF1D25A445120063BFE0 /* SwiftUIPro */,
				6458AF1C25A445120063BFE0 /* Products */,
			);
			sourceTree = "<group>";
		};
		6458AF1C25A445120063BFE0 /* Products */ = {
			isa = PBXGroup;
			children = (
				6458AF1B25A445120063BFE0 /* SwiftUIPro.app */,
			);
			name = Products;
			sourceTree = "<group>";
		};
		6458AF1D25A445120063BFE0 /* SwiftUIPro */ = {
			isa = PBXGroup;
			children = (
				64F0C3B925A44BCF008BE9EA /* Models */,
				6458AF1E25A445120063BFE0 /* SwiftUIProApp.swift */,
				6458AF2025A445120063BFE0 /* ContentView.swift */,
				64F0C3D025A46077008BE9EA /* MeetingView.swift */,
				64F0C3D325A4683D008BE9EA /* CardView.swift */,
				64F0C3D625A46F91008BE9EA /* ScrumsView.swift */,
				64F0C3D925A47428008BE9EA /* DetailView.swift */,
				6458AF2225A445140063BFE0 /* Assets.xcassets */,
				6458AF2725A445140063BFE0 /* Info.plist */,
				6458AF2425A445140063BFE0 /* Preview Content */,
			);
			path = SwiftUIPro;
			sourceTree = "<group>";
		};
		6458AF2425A445140063BFE0 /* Preview Content */ = {
			isa = PBXGroup;
			children = (
				6458AF2525A445140063BFE0 /* Preview Assets.xcassets */,
			);
			path = "Preview Content";
			sourceTree = "<group>";
		};
		64F0C3B925A44BCF008BE9EA /* Models */ = {
			isa = PBXGroup;
			children = (
				64F0C3BA25A44BEA008BE9EA /* Color+Codable.swift */,
				64F0C3BE25A44FF6008BE9EA /* DailyScrum.swift */,
				64F0C3C125A4505F008BE9EA /* History.swift */,
				64F0C3C425A4530D008BE9EA /* ScrumTimer.swift */,
				64F0C3C725A45803008BE9EA /* AVPlayer+Ding.swift */,
				64F0C3CA25A45A37008BE9EA /* ScrumData.swift */,
				64F0C3CD25A45D5D008BE9EA /* SpeechRecognizer.swift */,
			);
			path = Models;
			sourceTree = "<group>";
		};
/* End PBXGroup section */

/* Begin PBXNativeTarget section */
		6458AF1A25A445120063BFE0 /* SwiftUIPro */ = {
			isa = PBXNativeTarget;
			buildConfigurationList = 6458AF2A25A445140063BFE0 /* Build configuration list for PBXNativeTarget "SwiftUIPro" */;
			buildPhases = (
				6458AF1725A445120063BFE0 /* Sources */,
				6458AF1825A445120063BFE0 /* Frameworks */,
				6458AF1925A445120063BFE0 /* Resources */,
			);
			buildRules = (
			);
			dependencies = (
			);
			name = SwiftUIPro;
			productName = SwiftUIPro;
			productReference = 6458AF1B25A445120063BFE0 /* SwiftUIPro.app */;
			productType = "com.apple.product-type.application";
		};
/* End PBXNativeTarget section */

/* Begin PBXProject section */
		6458AF1325A445120063BFE0 /* Project object */ = {
			isa = PBXProject;
			attributes = {
				LastSwiftUpdateCheck = 1200;
				LastUpgradeCheck = 1200;
				TargetAttributes = {
					6458AF1A25A445120063BFE0 = {
						CreatedOnToolsVersion = 12.0;
					};
				};
			};
			buildConfigurationList = 6458AF1625A445120063BFE0 /* Build configuration list for PBXProject "SwiftUIPro" */;
			compatibilityVersion = "Xcode 9.3";
			developmentRegion = en;
			hasScannedForEncodings = 0;
			knownRegions = (
				en,
				Base,
			);
			mainGroup = 6458AF1225A445120063BFE0;
			productRefGroup = 6458AF1C25A445120063BFE0 /* Products */;
			projectDirPath = "";
			projectRoot = "";
			targets = (
				6458AF1A25A445120063BFE0 /* SwiftUIPro */,
			);
		};
/* End PBXProject section */

/* Begin PBXResourcesBuildPhase section */
		6458AF1925A445120063BFE0 /* Resources */ = {
			isa = PBXResourcesBuildPhase;
			buildActionMask = 2147483647;
			files = (
				6458AF2625A445140063BFE0 /* Preview Assets.xcassets in Resources */,
				6458AF2325A445140063BFE0 /* Assets.xcassets in Resources */,
			);
			runOnlyForDeploymentPostprocessing = 0;
		};
/* End PBXResourcesBuildPhase section */

/* Begin PBXSourcesBuildPhase section */
		6458AF1725A445120063BFE0 /* Sources */ = {
			isa = PBXSourcesBuildPhase;
			buildActionMask = 2147483647;
			files = (
				64F0C3C525A4530D008BE9EA /* ScrumTimer.swift in Sources */,
				64F0C3BF25A44FF6008BE9EA /* DailyScrum.swift in Sources */,
				64F0C3D125A46077008BE9EA /* MeetingView.swift in Sources */,
				64F0C3C825A45803008BE9EA /* AVPlayer+Ding.swift in Sources */,
				6458AF2125A445120063BFE0 /* ContentView.swift in Sources */,
				64F0C3BB25A44BEA008BE9EA /* Color+Codable.swift in Sources */,
				64F0C3CE25A45D5D008BE9EA /* SpeechRecognizer.swift in Sources */,
				64F0C3DA25A47428008BE9EA /* DetailView.swift in Sources */,
				64F0C3D725A46F91008BE9EA /* ScrumsView.swift in Sources */,
				6458AF1F25A445120063BFE0 /* SwiftUIProApp.swift in Sources */,
				64F0C3CB25A45A37008BE9EA /* ScrumData.swift in Sources */,
				64F0C3D425A4683D008BE9EA /* CardView.swift in Sources */,
				64F0C3C225A4505F008BE9EA /* History.swift in Sources */,
			);
			runOnlyForDeploymentPostprocessing = 0;
		};
/* End PBXSourcesBuildPhase section */

/* Begin XCBuildConfiguration section */
		6458AF2825A445140063BFE0 /* Debug */ = {
			isa = XCBuildConfiguration;
			buildSettings = {
				ALWAYS_SEARCH_USER_PATHS = NO;
				CLANG_ANALYZER_NONNULL = YES;
				CLANG_ANALYZER_NUMBER_OBJECT_CONVERSION = YES_AGGRESSIVE;
				CLANG_CXX_LANGUAGE_STANDARD = "gnu++14";
				CLANG_CXX_LIBRARY = "libc++";
				CLANG_ENABLE_MODULES = YES;
				CLANG_ENABLE_OBJC_ARC = YES;
				CLANG_ENABLE_OBJC_WEAK = YES;
				CLANG_WARN_BLOCK_CAPTURE_AUTORELEASING = YES;
				CLANG_WARN_BOOL_CONVERSION = YES;
				CLANG_WARN_COMMA = YES;
				CLANG_WARN_CONSTANT_CONVERSION = YES;
				CLANG_WARN_DEPRECATED_OBJC_IMPLEMENTATIONS = YES;
				CLANG_WARN_DIRECT_OBJC_ISA_USAGE = YES_ERROR;
				CLANG_WARN_DOCUMENTATION_COMMENTS = YES;
				CLANG_WARN_EMPTY_BODY = YES;
				CLANG_WARN_ENUM_CONVERSION = YES;
				CLANG_WARN_INFINITE_RECURSION = YES;
				CLANG_WARN_INT_CONVERSION = YES;
				CLANG_WARN_NON_LITERAL_NULL_CONVERSION = YES;
				CLANG_WARN_OBJC_IMPLICIT_RETAIN_SELF = YES;
				CLANG_WARN_OBJC_LITERAL_CONVERSION = YES;
				CLANG_WARN_OBJC_ROOT_CLASS = YES_ERROR;
				CLANG_WARN_QUOTED_INCLUDE_IN_FRAMEWORK_HEADER = YES;
				CLANG_WARN_RANGE_LOOP_ANALYSIS = YES;
				CLANG_WARN_STRICT_PROTOTYPES = YES;
				CLANG_WARN_SUSPICIOUS_MOVE = YES;
				CLANG_WARN_UNGUARDED_AVAILABILITY = YES_AGGRESSIVE;
				CLANG_WARN_UNREACHABLE_CODE = YES;
				CLANG_WARN__DUPLICATE_METHOD_MATCH = YES;
				COPY_PHASE_STRIP = NO;
				DEBUG_INFORMATION_FORMAT = dwarf;
				ENABLE_STRICT_OBJC_MSGSEND = YES;
				ENABLE_TESTABILITY = YES;
				GCC_C_LANGUAGE_STANDARD = gnu11;
				GCC_DYNAMIC_NO_PIC = NO;
				GCC_NO_COMMON_BLOCKS = YES;
				GCC_OPTIMIZATION_LEVEL = 0;
				GCC_PREPROCESSOR_DEFINITIONS = (
					"DEBUG=1",
					"$(inherited)",
				);
				GCC_WARN_64_TO_32_BIT_CONVERSION = YES;
				GCC_WARN_ABOUT_RETURN_TYPE = YES_ERROR;
				GCC_WARN_UNDECLARED_SELECTOR = YES;
				GCC_WARN_UNINITIALIZED_AUTOS = YES_AGGRESSIVE;
				GCC_WARN_UNUSED_FUNCTION = YES;
				GCC_WARN_UNUSED_VARIABLE = YES;
				IPHONEOS_DEPLOYMENT_TARGET = 14.0;
				MTL_ENABLE_DEBUG_INFO = INCLUDE_SOURCE;
				MTL_FAST_MATH = YES;
				ONLY_ACTIVE_ARCH = YES;
				SDKROOT = iphoneos;
				SWIFT_ACTIVE_COMPILATION_CONDITIONS = DEBUG;
				SWIFT_OPTIMIZATION_LEVEL = "-Onone";
			};
			name = Debug;
		};
		6458AF2925A445140063BFE0 /* Release */ = {
			isa = XCBuildConfiguration;
			buildSettings = {
				ALWAYS_SEARCH_USER_PATHS = NO;
				CLANG_ANALYZER_NONNULL = YES;
				CLANG_ANALYZER_NUMBER_OBJECT_CONVERSION = YES_AGGRESSIVE;
				CLANG_CXX_LANGUAGE_STANDARD = "gnu++14";
				CLANG_CXX_LIBRARY = "libc++";
				CLANG_ENABLE_MODULES = YES;
				CLANG_ENABLE_OBJC_ARC = YES;
				CLANG_ENABLE_OBJC_WEAK = YES;
				CLANG_WARN_BLOCK_CAPTURE_AUTORELEASING = YES;
				CLANG_WARN_BOOL_CONVERSION = YES;
				CLANG_WARN_COMMA = YES;
				CLANG_WARN_CONSTANT_CONVERSION = YES;
				CLANG_WARN_DEPRECATED_OBJC_IMPLEMENTATIONS = YES;
				CLANG_WARN_DIRECT_OBJC_ISA_USAGE = YES_ERROR;
				CLANG_WARN_DOCUMENTATION_COMMENTS = YES;
				CLANG_WARN_EMPTY_BODY = YES;
				CLANG_WARN_ENUM_CONVERSION = YES;
				CLANG_WARN_INFINITE_RECURSION = YES;
				CLANG_WARN_INT_CONVERSION = YES;
				CLANG_WARN_NON_LITERAL_NULL_CONVERSION = YES;
				CLANG_WARN_OBJC_IMPLICIT_RETAIN_SELF = YES;
				CLANG_WARN_OBJC_LITERAL_CONVERSION = YES;
				CLANG_WARN_OBJC_ROOT_CLASS = YES_ERROR;
				CLANG_WARN_QUOTED_INCLUDE_IN_FRAMEWORK_HEADER = YES;
				CLANG_WARN_RANGE_LOOP_ANALYSIS = YES;
				CLANG_WARN_STRICT_PROTOTYPES = YES;
				CLANG_WARN_SUSPICIOUS_MOVE = YES;
				CLANG_WARN_UNGUARDED_AVAILABILITY = YES_AGGRESSIVE;
				CLANG_WARN_UNREACHABLE_CODE = YES;
				CLANG_WARN__DUPLICATE_METHOD_MATCH = YES;
				COPY_PHASE_STRIP = NO;
				DEBUG_INFORMATION_FORMAT = "dwarf-with-dsym";
				ENABLE_NS_ASSERTIONS = NO;
				ENABLE_STRICT_OBJC_MSGSEND = YES;
				GCC_C_LANGUAGE_STANDARD = gnu11;
				GCC_NO_COMMON_BLOCKS = YES;
				GCC_WARN_64_TO_32_BIT_CONVERSION = YES;
				GCC_WARN_ABOUT_RETURN_TYPE = YES_ERROR;
				GCC_WARN_UNDECLARED_SELECTOR = YES;
				GCC_WARN_UNINITIALIZED_AUTOS = YES_AGGRESSIVE;
				GCC_WARN_UNUSED_FUNCTION = YES;
				GCC_WARN_UNUSED_VARIABLE = YES;
				IPHONEOS_DEPLOYMENT_TARGET = 14.0;
				MTL_ENABLE_DEBUG_INFO = NO;
				MTL_FAST_MATH = YES;
				SDKROOT = iphoneos;
				SWIFT_COMPILATION_MODE = wholemodule;
				SWIFT_OPTIMIZATION_LEVEL = "-O";
				VALIDATE_PRODUCT = YES;
			};
			name = Release;
		};
		6458AF2B25A445140063BFE0 /* Debug */ = {
			isa = XCBuildConfiguration;
			buildSettings = {
				ASSETCATALOG_COMPILER_APPICON_NAME = AppIcon;
				ASSETCATALOG_COMPILER_GLOBAL_ACCENT_COLOR_NAME = AccentColor;
				CODE_SIGN_STYLE = Automatic;
				DEVELOPMENT_ASSET_PATHS = "\"SwiftUIPro/Preview Content\"";
				DEVELOPMENT_TEAM = R8ZSZLVXPV;
				ENABLE_PREVIEWS = YES;
				INFOPLIST_FILE = SwiftUIPro/Info.plist;
				IPHONEOS_DEPLOYMENT_TARGET = 14.0;
				LD_RUNPATH_SEARCH_PATHS = (
					"$(inherited)",
					"@executable_path/Frameworks",
				);
				PRODUCT_BUNDLE_IDENTIFIER = com.yulong.SwiftUIPro;
				PRODUCT_NAME = "$(TARGET_NAME)";
				SWIFT_VERSION = 5.0;
				TARGETED_DEVICE_FAMILY = "1,2";
			};
			name = Debug;
		};
		6458AF2C25A445140063BFE0 /* Release */ = {
			isa = XCBuildConfiguration;
			buildSettings = {
				ASSETCATALOG_COMPILER_APPICON_NAME = AppIcon;
				ASSETCATALOG_COMPILER_GLOBAL_ACCENT_COLOR_NAME = AccentColor;
				CODE_SIGN_STYLE = Automatic;
				DEVELOPMENT_ASSET_PATHS = "\"SwiftUIPro/Preview Content\"";
				DEVELOPMENT_TEAM = R8ZSZLVXPV;
				ENABLE_PREVIEWS = YES;
				INFOPLIST_FILE = SwiftUIPro/Info.plist;
				IPHONEOS_DEPLOYMENT_TARGET = 14.0;
				LD_RUNPATH_SEARCH_PATHS = (
					"$(inherited)",
					"@executable_path/Frameworks",
				);
				PRODUCT_BUNDLE_IDENTIFIER = com.yulong.SwiftUIPro;
				PRODUCT_NAME = "$(TARGET_NAME)";
				SWIFT_VERSION = 5.0;
				TARGETED_DEVICE_FAMILY = "1,2";
			};
			name = Release;
		};
/* End XCBuildConfiguration section */

/* Begin XCConfigurationList section */
		6458AF1625A445120063BFE0 /* Build configuration list for PBXProject "SwiftUIPro" */ = {
			isa = XCConfigurationList;
			buildConfigurations = (
				6458AF2825A445140063BFE0 /* Debug */,
				6458AF2925A445140063BFE0 /* Release */,
			);
			defaultConfigurationIsVisible = 0;
			defaultConfigurationName = Release;
		};
		6458AF2A25A445140063BFE0 /* Build configuration list for PBXNativeTarget "SwiftUIPro" */ = {
			isa = XCConfigurationList;
			buildConfigurations = (
				6458AF2B25A445140063BFE0 /* Debug */,
				6458AF2C25A445140063BFE0 /* Release */,
			);
			defaultConfigurationIsVisible = 0;
			defaultConfigurationName = Release;
		};
/* End XCConfigurationList section */
	};
	rootObject = 6458AF1325A445120063BFE0 /* Project object */;
}
